
Microsoft Visual Studio Solution File, Format Version 12.00
# Visual Studio 15
VisualStudioVersion = 15.0.27004.2009
MinimumVisualStudioVersion = 10.0.40219.1
Project("{9A19103F-16F7-4668-BE54-9A1E7A4F7556}") = "Cake.AzureDevOps", "Cake.AzureDevOps\Cake.AzureDevOps.csproj", "{005C2EED-D4F3-439A-96A0-56727EB429F0}"
EndProject
Project("{9A19103F-16F7-4668-BE54-9A1E7A4F7556}") = "Cake.AzureDevOps.Tests", "Cake.AzureDevOps.Tests\Cake.AzureDevOps.Tests.csproj", "{28A97671-EECD-40D7-A732-B5ADA9341BE5}"
EndProject
Project("{2150E333-8FDC-42A3-9474-1A3956D46DE8}") = "Build", "Build", "{E086EBC9-C1E6-4B49-AFFB-B3F6340886BA}"
	ProjectSection(SolutionItems) = preProject
		..\setup.cake = ..\setup.cake
	EndProjectSection
EndProject
Global
	GlobalSection(SolutionConfigurationPlatforms) = preSolution
		Debug|Any CPU = Debug|Any CPU
		Release|Any CPU = Release|Any CPU
	EndGlobalSection
	GlobalSection(ProjectConfigurationPlatforms) = postSolution
		{005C2EED-D4F3-439A-96A0-56727EB429F0}.Debug|Any CPU.ActiveCfg = Debug|Any CPU
		{005C2EED-D4F3-439A-96A0-56727EB429F0}.Debug|Any CPU.Build.0 = Debug|Any CPU
		{005C2EED-D4F3-439A-96A0-56727EB429F0}.Release|Any CPU.ActiveCfg = Release|Any CPU
		{005C2EED-D4F3-439A-96A0-56727EB429F0}.Release|Any CPU.Build.0 = Release|Any CPU
		{28A97671-EECD-40D7-A732-B5ADA9341BE5}.Debug|Any CPU.ActiveCfg = Debug|Any CPU
		{28A97671-EECD-40D7-A732-B5ADA9341BE5}.Debug|Any CPU.Build.0 = Debug|Any CPU
		{28A97671-EECD-40D7-A732-B5ADA9341BE5}.Release|Any CPU.ActiveCfg = Release|Any CPU
		{28A97671-EECD-40D7-A732-B5ADA9341BE5}.Release|Any CPU.Build.0 = Release|Any CPU
	EndGlobalSection
	GlobalSection(SolutionProperties) = preSolution
		HideSolutionNode = FALSE
	EndGlobalSection
	GlobalSection(ExtensibilityGlobals) = postSolution
		SolutionGuid = {58CF5AF4-ECA8-4C6B-B179-44F3D534E39B}
	EndGlobalSection
EndGlobal
